
Microsoft Visual Studio Solution File, Format Version 12.00
# Visual Studio Version 17
VisualStudioVersion = 17.0.31717.71
MinimumVisualStudioVersion = 10.0.40219.1
Project("{47BBCADD-C35B-44B2-99F0-59B3DAA39352}") = "OnboardingBot.Server", "Server\OnboardingBot.Server.csproj", "{CBA2AD11-A335-44A8-BCCF-7DB191D81C7D}"
EndProject
Project("{47BBCADD-C35B-44B2-99F0-59B3DAA39352}") = "OnboardingBot.Client", "Client\OnboardingBot.Client.csproj", "{038D871B-B96F-4DC7-8CD6-0F9EF5F384A8}"
EndProject
Project("{47BBCADD-C35B-44B2-99F0-59B3DAA39352}") = "OnboardingBot.Shared", "Shared\OnboardingBot.Shared.csproj", "{3D6A868A-A33B-4564-B517-9E12E34E68CB}"
EndProject
Global
	GlobalSection(SolutionConfigurationPlatforms) = preSolution
		Debug|Any CPU = Debug|Any CPU
		Release|Any CPU = Release|Any CPU
	EndGlobalSection
	GlobalSection(ProjectConfigurationPlatforms) = postSolution
		{CBA2AD11-A335-44A8-BCCF-7DB191D81C7D}.Debug|Any CPU.ActiveCfg = Debug|Any CPU
		{CBA2AD11-A335-44A8-BCCF-7DB191D81C7D}.Debug|Any CPU.Build.0 = Debug|Any CPU
		{CBA2AD11-A335-44A8-BCCF-7DB191D81C7D}.Release|Any CPU.ActiveCfg = Release|Any CPU
		{CBA2AD11-A335-44A8-BCCF-7DB191D81C7D}.Release|Any CPU.Build.0 = Release|Any CPU
		{038D871B-B96F-4DC7-8CD6-0F9EF5F384A8}.Debug|Any CPU.ActiveCfg = Debug|Any CPU
		{038D871B-B96F-4DC7-8CD6-0F9EF5F384A8}.Debug|Any CPU.Build.0 = Debug|Any CPU
		{038D871B-B96F-4DC7-8CD6-0F9EF5F384A8}.Release|Any CPU.ActiveCfg = Release|Any CPU
		{038D871B-B96F-4DC7-8CD6-0F9EF5F384A8}.Release|Any CPU.Build.0 = Release|Any CPU
		{3D6A868A-A33B-4564-B517-9E12E34E68CB}.Debug|Any CPU.ActiveCfg = Debug|Any CPU
		{3D6A868A-A33B-4564-B517-9E12E34E68CB}.Debug|Any CPU.Build.0 = Debug|Any CPU
		{3D6A868A-A33B-4564-B517-9E12E34E68CB}.Release|Any CPU.ActiveCfg = Release|Any CPU
		{3D6A868A-A33B-4564-B517-9E12E34E68CB}.Release|Any CPU.Build.0 = Release|Any CPU
	EndGlobalSection
	GlobalSection(SolutionProperties) = preSolution
		HideSolutionNode = FALSE
	EndGlobalSection
	GlobalSection(ExtensibilityGlobals) = postSolution
		SolutionGuid = {20E61EA4-E045-4797-AD4E-1C7BA409ABBA}
	EndGlobalSection
EndGlobal
